// !$*UTF8*$!
{
	archiveVersion = 1;
	classes = {
	};
	objectVersion = 50;
	objects = {

/* Begin PBXBuildFile section */
		225574BE2503BB2C00CB1637 /* AppDelegate.swift in Sources */ = {isa = PBXBuildFile; fileRef = 225574BD2503BB2C00CB1637 /* AppDelegate.swift */; };
		225574C02503BB2C00CB1637 /* SceneDelegate.swift in Sources */ = {isa = PBXBuildFile; fileRef = 225574BF2503BB2C00CB1637 /* SceneDelegate.swift */; };
		225574C22503BB2C00CB1637 /* MemoryGameView.swift in Sources */ = {isa = PBXBuildFile; fileRef = 225574C12503BB2C00CB1637 /* MemoryGameView.swift */; };
		225574C42503BB2E00CB1637 /* Assets.xcassets in Resources */ = {isa = PBXBuildFile; fileRef = 225574C32503BB2E00CB1637 /* Assets.xcassets */; };
		225574C72503BB2E00CB1637 /* Preview Assets.xcassets in Resources */ = {isa = PBXBuildFile; fileRef = 225574C62503BB2E00CB1637 /* Preview Assets.xcassets */; };
		225574CA2503BB2E00CB1637 /* LaunchScreen.storyboard in Resources */ = {isa = PBXBuildFile; fileRef = 225574C82503BB2E00CB1637 /* LaunchScreen.storyboard */; };
		225574D22503EC2A00CB1637 /* MemoryGame.swift in Sources */ = {isa = PBXBuildFile; fileRef = 225574D12503EC2A00CB1637 /* MemoryGame.swift */; };
		2278839425051D58004CFA1E /* Grid.swift in Sources */ = {isa = PBXBuildFile; fileRef = 2278839325051D58004CFA1E /* Grid.swift */; };
		2278839625052384004CFA1E /* GridLayout.swift in Sources */ = {isa = PBXBuildFile; fileRef = 2278839525052384004CFA1E /* GridLayout.swift */; };
		2278839825052983004CFA1E /* Array+Identifiable.swift in Sources */ = {isa = PBXBuildFile; fileRef = 2278839725052983004CFA1E /* Array+Identifiable.swift */; };
		2278839A25058ECF004CFA1E /* Array+Only.swift in Sources */ = {isa = PBXBuildFile; fileRef = 2278839925058ECF004CFA1E /* Array+Only.swift */; };
		2278839C2505BAD9004CFA1E /* MemoryGameViewModel.swift in Sources */ = {isa = PBXBuildFile; fileRef = 2278839B2505BAD9004CFA1E /* MemoryGameViewModel.swift */; };
		227883A0250691FE004CFA1E /* Pie.swift in Sources */ = {isa = PBXBuildFile; fileRef = 2278839F250691FE004CFA1E /* Pie.swift */; };
/* End PBXBuildFile section */

/* Begin PBXFileReference section */
		225574BA2503BB2C00CB1637 /* Memorize.app */ = {isa = PBXFileReference; explicitFileType = wrapper.application; includeInIndex = 0; path = Memorize.app; sourceTree = BUILT_PRODUCTS_DIR; };
		225574BD2503BB2C00CB1637 /* AppDelegate.swift */ = {isa = PBXFileReference; lastKnownFileType = sourcecode.swift; path = AppDelegate.swift; sourceTree = "<group>"; };
		225574BF2503BB2C00CB1637 /* SceneDelegate.swift */ = {isa = PBXFileReference; lastKnownFileType = sourcecode.swift; path = SceneDelegate.swift; sourceTree = "<group>"; };
		225574C12503BB2C00CB1637 /* MemoryGameView.swift */ = {isa = PBXFileReference; lastKnownFileType = sourcecode.swift; path = MemoryGameView.swift; sourceTree = "<group>"; };
		225574C32503BB2E00CB1637 /* Assets.xcassets */ = {isa = PBXFileReference; lastKnownFileType = folder.assetcatalog; path = Assets.xcassets; sourceTree = "<group>"; };
		225574C62503BB2E00CB1637 /* Preview Assets.xcassets */ = {isa = PBXFileReference; lastKnownFileType = folder.assetcatalog; path = "Preview Assets.xcassets"; sourceTree = "<group>"; };
		225574C92503BB2E00CB1637 /* Base */ = {isa = PBXFileReference; lastKnownFileType = file.storyboard; name = Base; path = Base.lproj/LaunchScreen.storyboard; sourceTree = "<group>"; };
		225574CB2503BB2E00CB1637 /* Info.plist */ = {isa = PBXFileReference; lastKnownFileType = text.plist.xml; path = Info.plist; sourceTree = "<group>"; };
		225574D12503EC2A00CB1637 /* MemoryGame.swift */ = {isa = PBXFileReference; lastKnownFileType = sourcecode.swift; path = MemoryGame.swift; sourceTree = "<group>"; };
		2278839325051D58004CFA1E /* Grid.swift */ = {isa = PBXFileReference; lastKnownFileType = sourcecode.swift; path = Grid.swift; sourceTree = "<group>"; };
		2278839525052384004CFA1E /* GridLayout.swift */ = {isa = PBXFileReference; fileEncoding = 4; lastKnownFileType = sourcecode.swift; path = GridLayout.swift; sourceTree = "<group>"; };
		2278839725052983004CFA1E /* Array+Identifiable.swift */ = {isa = PBXFileReference; lastKnownFileType = sourcecode.swift; path = "Array+Identifiable.swift"; sourceTree = "<group>"; };
		2278839925058ECF004CFA1E /* Array+Only.swift */ = {isa = PBXFileReference; lastKnownFileType = sourcecode.swift; path = "Array+Only.swift"; sourceTree = "<group>"; };
		2278839B2505BAD9004CFA1E /* MemoryGameViewModel.swift */ = {isa = PBXFileReference; lastKnownFileType = sourcecode.swift; path = MemoryGameViewModel.swift; sourceTree = "<group>"; };
		2278839F250691FE004CFA1E /* Pie.swift */ = {isa = PBXFileReference; lastKnownFileType = sourcecode.swift; path = Pie.swift; sourceTree = "<group>"; };
/* End PBXFileReference section */

/* Begin PBXFrameworksBuildPhase section */
		225574B72503BB2C00CB1637 /* Frameworks */ = {
			isa = PBXFrameworksBuildPhase;
			buildActionMask = 2147483647;
			files = (
			);
			runOnlyForDeploymentPostprocessing = 0;
		};
/* End PBXFrameworksBuildPhase section */

/* Begin PBXGroup section */
		225574B12503BB2C00CB1637 = {
			isa = PBXGroup;
			children = (
				225574BC2503BB2C00CB1637 /* Memorize */,
				225574BB2503BB2C00CB1637 /* Products */,
			);
			sourceTree = "<group>";
		};
		225574BB2503BB2C00CB1637 /* Products */ = {
			isa = PBXGroup;
			children = (
				225574BA2503BB2C00CB1637 /* Memorize.app */,
			);
			name = Products;
			sourceTree = "<group>";
		};
		225574BC2503BB2C00CB1637 /* Memorize */ = {
			isa = PBXGroup;
			children = (
				225574BD2503BB2C00CB1637 /* AppDelegate.swift */,
				225574BF2503BB2C00CB1637 /* SceneDelegate.swift */,
				225574C12503BB2C00CB1637 /* MemoryGameView.swift */,
				2278839F250691FE004CFA1E /* Pie.swift */,
				2278839525052384004CFA1E /* GridLayout.swift */,
				2278839325051D58004CFA1E /* Grid.swift */,
				2278839725052983004CFA1E /* Array+Identifiable.swift */,
				2278839B2505BAD9004CFA1E /* MemoryGameViewModel.swift */,
				225574D12503EC2A00CB1637 /* MemoryGame.swift */,
				2278839925058ECF004CFA1E /* Array+Only.swift */,
				225574C32503BB2E00CB1637 /* Assets.xcassets */,
				225574C82503BB2E00CB1637 /* LaunchScreen.storyboard */,
				225574CB2503BB2E00CB1637 /* Info.plist */,
				225574C52503BB2E00CB1637 /* Preview Content */,
			);
			path = Memorize;
			sourceTree = "<group>";
		};
		225574C52503BB2E00CB1637 /* Preview Content */ = {
			isa = PBXGroup;
			children = (
				225574C62503BB2E00CB1637 /* Preview Assets.xcassets */,
			);
			path = "Preview Content";
			sourceTree = "<group>";
		};
/* End PBXGroup section */

/* Begin PBXNativeTarget section */
		225574B92503BB2C00CB1637 /* Memorize */ = {
			isa = PBXNativeTarget;
			buildConfigurationList = 225574CE2503BB2E00CB1637 /* Build configuration list for PBXNativeTarget "Memorize" */;
			buildPhases = (
				225574B62503BB2C00CB1637 /* Sources */,
				225574B72503BB2C00CB1637 /* Frameworks */,
				225574B82503BB2C00CB1637 /* Resources */,
			);
			buildRules = (
			);
			dependencies = (
			);
			name = Memorize;
			productName = Memorize;
			productReference = 225574BA2503BB2C00CB1637 /* Memorize.app */;
			productType = "com.apple.product-type.application";
		};
/* End PBXNativeTarget section */

/* Begin PBXProject section */
		225574B22503BB2C00CB1637 /* Project object */ = {
			isa = PBXProject;
			attributes = {
				LastSwiftUpdateCheck = 1170;
				LastUpgradeCheck = 1170;
				ORGANIZATIONNAME = "Mauricio Bedoya";
				TargetAttributes = {
					225574B92503BB2C00CB1637 = {
						CreatedOnToolsVersion = 11.7;
					};
				};
			};
			buildConfigurationList = 225574B52503BB2C00CB1637 /* Build configuration list for PBXProject "Memorize" */;
			compatibilityVersion = "Xcode 9.3";
			developmentRegion = en;
			hasScannedForEncodings = 0;
			knownRegions = (
				en,
				Base,
			);
			mainGroup = 225574B12503BB2C00CB1637;
			productRefGroup = 225574BB2503BB2C00CB1637 /* Products */;
			projectDirPath = "";
			projectRoot = "";
			targets = (
				225574B92503BB2C00CB1637 /* Memorize */,
			);
		};
/* End PBXProject section */

/* Begin PBXResourcesBuildPhase section */
		225574B82503BB2C00CB1637 /* Resources */ = {
			isa = PBXResourcesBuildPhase;
			buildActionMask = 2147483647;
			files = (
				225574CA2503BB2E00CB1637 /* LaunchScreen.storyboard in Resources */,
				225574C72503BB2E00CB1637 /* Preview Assets.xcassets in Resources */,
				225574C42503BB2E00CB1637 /* Assets.xcassets in Resources */,
			);
			runOnlyForDeploymentPostprocessing = 0;
		};
/* End PBXResourcesBuildPhase section */

/* Begin PBXSourcesBuildPhase section */
		225574B62503BB2C00CB1637 /* Sources */ = {
			isa = PBXSourcesBuildPhase;
			buildActionMask = 2147483647;
			files = (
				227883A0250691FE004CFA1E /* Pie.swift in Sources */,
				225574BE2503BB2C00CB1637 /* AppDelegate.swift in Sources */,
				2278839C2505BAD9004CFA1E /* MemoryGameViewModel.swift in Sources */,
				225574C02503BB2C00CB1637 /* SceneDelegate.swift in Sources */,
				225574D22503EC2A00CB1637 /* MemoryGame.swift in Sources */,
				2278839A25058ECF004CFA1E /* Array+Only.swift in Sources */,
				225574C22503BB2C00CB1637 /* MemoryGameView.swift in Sources */,
				2278839825052983004CFA1E /* Array+Identifiable.swift in Sources */,
				2278839625052384004CFA1E /* GridLayout.swift in Sources */,
				2278839425051D58004CFA1E /* Grid.swift in Sources */,
			);
			runOnlyForDeploymentPostprocessing = 0;
		};
/* End PBXSourcesBuildPhase section */

/* Begin PBXVariantGroup section */
		225574C82503BB2E00CB1637 /* LaunchScreen.storyboard */ = {
			isa = PBXVariantGroup;
			children = (
				225574C92503BB2E00CB1637 /* Base */,
			);
			name = LaunchScreen.storyboard;
			sourceTree = "<group>";
		};
/* End PBXVariantGroup section */

/* Begin XCBuildConfiguration section */
		225574CC2503BB2E00CB1637 /* Debug */ = {
			isa = XCBuildConfiguration;
			buildSettings = {
				ALWAYS_SEARCH_USER_PATHS = NO;
				CLANG_ANALYZER_NONNULL = YES;
				CLANG_ANALYZER_NUMBER_OBJECT_CONVERSION = YES_AGGRESSIVE;
				CLANG_CXX_LANGUAGE_STANDARD = "gnu++14";
				CLANG_CXX_LIBRARY = "libc++";
				CLANG_ENABLE_MODULES = YES;
				CLANG_ENABLE_OBJC_ARC = YES;
				CLANG_ENABLE_OBJC_WEAK = YES;
				CLANG_WARN_BLOCK_CAPTURE_AUTORELEASING = YES;
				CLANG_WARN_BOOL_CONVERSION = YES;
				CLANG_WARN_COMMA = YES;
				CLANG_WARN_CONSTANT_CONVERSION = YES;
				CLANG_WARN_DEPRECATED_OBJC_IMPLEMENTATIONS = YES;
				CLANG_WARN_DIRECT_OBJC_ISA_USAGE = YES_ERROR;
				CLANG_WARN_DOCUMENTATION_COMMENTS = YES;
				CLANG_WARN_EMPTY_BODY = YES;
				CLANG_WARN_ENUM_CONVERSION = YES;
				CLANG_WARN_INFINITE_RECURSION = YES;
				CLANG_WARN_INT_CONVERSION = YES;
				CLANG_WARN_NON_LITERAL_NULL_CONVERSION = YES;
				CLANG_WARN_OBJC_IMPLICIT_RETAIN_SELF = YES;
				CLANG_WARN_OBJC_LITERAL_CONVERSION = YES;
				CLANG_WARN_OBJC_ROOT_CLASS = YES_ERROR;
				CLANG_WARN_RANGE_LOOP_ANALYSIS = YES;
				CLANG_WARN_STRICT_PROTOTYPES = YES;
				CLANG_WARN_SUSPICIOUS_MOVE = YES;
				CLANG_WARN_UNGUARDED_AVAILABILITY = YES_AGGRESSIVE;
				CLANG_WARN_UNREACHABLE_CODE = YES;
				CLANG_WARN__DUPLICATE_METHOD_MATCH = YES;
				COPY_PHASE_STRIP = NO;
				DEBUG_INFORMATION_FORMAT = dwarf;
				ENABLE_STRICT_OBJC_MSGSEND = YES;
				ENABLE_TESTABILITY = YES;
				GCC_C_LANGUAGE_STANDARD = gnu11;
				GCC_DYNAMIC_NO_PIC = NO;
				GCC_NO_COMMON_BLOCKS = YES;
				GCC_OPTIMIZATION_LEVEL = 0;
				GCC_PREPROCESSOR_DEFINITIONS = (
					"DEBUG=1",
					"$(inherited)",
				);
				GCC_WARN_64_TO_32_BIT_CONVERSION = YES;
				GCC_WARN_ABOUT_RETURN_TYPE = YES_ERROR;
				GCC_WARN_UNDECLARED_SELECTOR = YES;
				GCC_WARN_UNINITIALIZED_AUTOS = YES_AGGRESSIVE;
				GCC_WARN_UNUSED_FUNCTION = YES;
				GCC_WARN_UNUSED_VARIABLE = YES;
				IPHONEOS_DEPLOYMENT_TARGET = 13.7;
				MTL_ENABLE_DEBUG_INFO = INCLUDE_SOURCE;
				MTL_FAST_MATH = YES;
				ONLY_ACTIVE_ARCH = YES;
				SDKROOT = iphoneos;
				SWIFT_ACTIVE_COMPILATION_CONDITIONS = DEBUG;
				SWIFT_OPTIMIZATION_LEVEL = "-Onone";
			};
			name = Debug;
		};
		225574CD2503BB2E00CB1637 /* Release */ = {
			isa = XCBuildConfiguration;
			buildSettings = {
				ALWAYS_SEARCH_USER_PATHS = NO;
				CLANG_ANALYZER_NONNULL = YES;
				CLANG_ANALYZER_NUMBER_OBJECT_CONVERSION = YES_AGGRESSIVE;
				CLANG_CXX_LANGUAGE_STANDARD = "gnu++14";
				CLANG_CXX_LIBRARY = "libc++";
				CLANG_ENABLE_MODULES = YES;
				CLANG_ENABLE_OBJC_ARC = YES;
				CLANG_ENABLE_OBJC_WEAK = YES;
				CLANG_WARN_BLOCK_CAPTURE_AUTORELEASING = YES;
				CLANG_WARN_BOOL_CONVERSION = YES;
				CLANG_WARN_COMMA = YES;
				CLANG_WARN_CONSTANT_CONVERSION = YES;
				CLANG_WARN_DEPRECATED_OBJC_IMPLEMENTATIONS = YES;
				CLANG_WARN_DIRECT_OBJC_ISA_USAGE = YES_ERROR;
				CLANG_WARN_DOCUMENTATION_COMMENTS = YES;
				CLANG_WARN_EMPTY_BODY = YES;
				CLANG_WARN_ENUM_CONVERSION = YES;
				CLANG_WARN_INFINITE_RECURSION = YES;
				CLANG_WARN_INT_CONVERSION = YES;
				CLANG_WARN_NON_LITERAL_NULL_CONVERSION = YES;
				CLANG_WARN_OBJC_IMPLICIT_RETAIN_SELF = YES;
				CLANG_WARN_OBJC_LITERAL_CONVERSION = YES;
				CLANG_WARN_OBJC_ROOT_CLASS = YES_ERROR;
				CLANG_WARN_RANGE_LOOP_ANALYSIS = YES;
				CLANG_WARN_STRICT_PROTOTYPES = YES;
				CLANG_WARN_SUSPICIOUS_MOVE = YES;
				CLANG_WARN_UNGUARDED_AVAILABILITY = YES_AGGRESSIVE;
				CLANG_WARN_UNREACHABLE_CODE = YES;
				CLANG_WARN__DUPLICATE_METHOD_MATCH = YES;
				COPY_PHASE_STRIP = NO;
				DEBUG_INFORMATION_FORMAT = "dwarf-with-dsym";
				ENABLE_NS_ASSERTIONS = NO;
				ENABLE_STRICT_OBJC_MSGSEND = YES;
				GCC_C_LANGUAGE_STANDARD = gnu11;
				GCC_NO_COMMON_BLOCKS = YES;
				GCC_WARN_64_TO_32_BIT_CONVERSION = YES;
				GCC_WARN_ABOUT_RETURN_TYPE = YES_ERROR;
				GCC_WARN_UNDECLARED_SELECTOR = YES;
				GCC_WARN_UNINITIALIZED_AUTOS = YES_AGGRESSIVE;
				GCC_WARN_UNUSED_FUNCTION = YES;
				GCC_WARN_UNUSED_VARIABLE = YES;
				IPHONEOS_DEPLOYMENT_TARGET = 13.7;
				MTL_ENABLE_DEBUG_INFO = NO;
				MTL_FAST_MATH = YES;
				SDKROOT = iphoneos;
				SWIFT_COMPILATION_MODE = wholemodule;
				SWIFT_OPTIMIZATION_LEVEL = "-O";
				VALIDATE_PRODUCT = YES;
			};
			name = Release;
		};
		225574CF2503BB2E00CB1637 /* Debug */ = {
			isa = XCBuildConfiguration;
			buildSettings = {
				ASSETCATALOG_COMPILER_APPICON_NAME = AppIcon;
				CODE_SIGN_STYLE = Automatic;
				DEVELOPMENT_ASSET_PATHS = "\"Memorize/Preview Content\"";
				DEVELOPMENT_TEAM = 9XL6RG9C3X;
				ENABLE_PREVIEWS = YES;
				INFOPLIST_FILE = Memorize/Info.plist;
				LD_RUNPATH_SEARCH_PATHS = (
					"$(inherited)",
					"@executable_path/Frameworks",
				);
				PRODUCT_BUNDLE_IDENTIFIER = com.telluriac.cs193p.enginseer.Memorize;
				PRODUCT_NAME = "$(TARGET_NAME)";
				SWIFT_VERSION = 5.0;
				TARGETED_DEVICE_FAMILY = "1,2";
			};
			name = Debug;
		};
		225574D02503BB2E00CB1637 /* Release */ = {
			isa = XCBuildConfiguration;
			buildSettings = {
				ASSETCATALOG_COMPILER_APPICON_NAME = AppIcon;
				CODE_SIGN_STYLE = Automatic;
				DEVELOPMENT_ASSET_PATHS = "\"Memorize/Preview Content\"";
				DEVELOPMENT_TEAM = 9XL6RG9C3X;
				ENABLE_PREVIEWS = YES;
				INFOPLIST_FILE = Memorize/Info.plist;
				LD_RUNPATH_SEARCH_PATHS = (
					"$(inherited)",
					"@executable_path/Frameworks",
				);
				PRODUCT_BUNDLE_IDENTIFIER = com.telluriac.cs193p.enginseer.Memorize;
				PRODUCT_NAME = "$(TARGET_NAME)";
				SWIFT_VERSION = 5.0;
				TARGETED_DEVICE_FAMILY = "1,2";
			};
			name = Release;
		};
/* End XCBuildConfiguration section */

/* Begin XCConfigurationList section */
		225574B52503BB2C00CB1637 /* Build configuration list for PBXProject "Memorize" */ = {
			isa = XCConfigurationList;
			buildConfigurations = (
				225574CC2503BB2E00CB1637 /* Debug */,
				225574CD2503BB2E00CB1637 /* Release */,
			);
			defaultConfigurationIsVisible = 0;
			defaultConfigurationName = Release;
		};
		225574CE2503BB2E00CB1637 /* Build configuration list for PBXNativeTarget "Memorize" */ = {
			isa = XCConfigurationList;
			buildConfigurations = (
				225574CF2503BB2E00CB1637 /* Debug */,
				225574D02503BB2E00CB1637 /* Release */,
			);
			defaultConfigurationIsVisible = 0;
			defaultConfigurationName = Release;
		};
/* End XCConfigurationList section */
	};
	rootObject = 225574B22503BB2C00CB1637 /* Project object */;
}
